
Microsoft Visual Studio Solution File, Format Version 12.00
# Visual Studio Version 17
VisualStudioVersion = 17.4.33213.308
MinimumVisualStudioVersion = 10.0.40219.1
Project("{FAE04EC0-301F-11D3-BF4B-00C04F79EFBC}") = "assignment", "assignment\assignment.csproj", "{B0CBBFFB-2541-46A1-AFD9-26A881D6155A}"
EndProject
Global
	GlobalSection(SolutionConfigurationPlatforms) = preSolution
		Debug|Any CPU = Debug|Any CPU
		Release|Any CPU = Release|Any CPU
	EndGlobalSection
	GlobalSection(ProjectConfigurationPlatforms) = postSolution
		{B0CBBFFB-2541-46A1-AFD9-26A881D6155A}.Debug|Any CPU.ActiveCfg = Debug|Any CPU
		{B0CBBFFB-2541-46A1-AFD9-26A881D6155A}.Debug|Any CPU.Build.0 = Debug|Any CPU
		{B0CBBFFB-2541-46A1-AFD9-26A881D6155A}.Release|Any CPU.ActiveCfg = Release|Any CPU
		{B0CBBFFB-2541-46A1-AFD9-26A881D6155A}.Release|Any CPU.Build.0 = Release|Any CPU
	EndGlobalSection
	GlobalSection(SolutionProperties) = preSolution
		HideSolutionNode = FALSE
	EndGlobalSection
	GlobalSection(ExtensibilityGlobals) = postSolution
		SolutionGuid = {A6416836-4A8D-4B81-90EF-4A38281FE2B9}
	EndGlobalSection
EndGlobal
